
Microsoft Visual Studio Solution File, Format Version 12.00
# Visual Studio Version 17
VisualStudioVersion = 17.3.32929.385
MinimumVisualStudioVersion = 10.0.40219.1
Project("{9A19103F-16F7-4668-BE54-9A1E7A4F7556}") = "HegnTilbudApi", "HegnTilbudApi.csproj", "{3A42D2F3-BF6B-42AB-9F19-5C40D77B086F}"
EndProject
Global
	GlobalSection(SolutionConfigurationPlatforms) = preSolution
		Debug|Any CPU = Debug|Any CPU
		Release|Any CPU = Release|Any CPU
	EndGlobalSection
	GlobalSection(ProjectConfigurationPlatforms) = postSolution
		{3A42D2F3-BF6B-42AB-9F19-5C40D77B086F}.Debug|Any CPU.ActiveCfg = Debug|Any CPU
		{3A42D2F3-BF6B-42AB-9F19-5C40D77B086F}.Debug|Any CPU.Build.0 = Debug|Any CPU
		{3A42D2F3-BF6B-42AB-9F19-5C40D77B086F}.Release|Any CPU.ActiveCfg = Release|Any CPU
		{3A42D2F3-BF6B-42AB-9F19-5C40D77B086F}.Release|Any CPU.Build.0 = Release|Any CPU
	EndGlobalSection
	GlobalSection(SolutionProperties) = preSolution
		HideSolutionNode = FALSE
	EndGlobalSection
	GlobalSection(ExtensibilityGlobals) = postSolution
		SolutionGuid = {E8725E75-6164-4A1E-AFF3-44529E7C7DFB}
	EndGlobalSection
EndGlobal
